// !$*UTF8*$!
{
	archiveVersion = 1;
	classes = {
	};
	objectVersion = 77;
	objects = {

/* Begin PBXBuildFile section */
		076392FEBF390880374A54F7 /* GateMappingTab.swift in Sources */ = {isa = PBXBuildFile; fileRef = 1C3BD153359D2B69A6BF2D3C /* GateMappingTab.swift */; };
		3EBC5DE0C9A7747D808E6A4F /* BadElfReceiver.swift in Sources */ = {isa = PBXBuildFile; fileRef = EF89403462A80D07864D1B95 /* BadElfReceiver.swift */; };
		4D333E773C912EC09FCEF90E /* GateEditSheet.swift in Sources */ = {isa = PBXBuildFile; fileRef = 2F769FB51D5514ECAE54134B /* GateEditSheet.swift */; };
		5AF1F246949D699B06B3AA56 /* GeolocationBridge.swift in Sources */ = {isa = PBXBuildFile; fileRef = 71A44B8B1D22A5FB4B32806C /* GeolocationBridge.swift */; };
		743C46A2A3CFABE8E7D8ADF5 /* CourseStore.swift in Sources */ = {isa = PBXBuildFile; fileRef = 49D23230160B819953ECCE74 /* CourseStore.swift */; };
		777100EFFC7D5C77CBF6C161 /* CourseListView.swift in Sources */ = {isa = PBXBuildFile; fileRef = B1C70F134680942C64CC3285 /* CourseListView.swift */; };
		83532D88FB6B3B5F5C514BA6 /* Assets.xcassets in Resources */ = {isa = PBXBuildFile; fileRef = F95905085B4686D2992F383A /* Assets.xcassets */; };
		8B6B51B93D205BE28A94B06E /* NmeaParser.swift in Sources */ = {isa = PBXBuildFile; fileRef = 2DDA328B4A1E4D7CD7BAD7E9 /* NmeaParser.swift */; };
		97333D38DCA186C37F7EC86E /* CourseMapView.swift in Sources */ = {isa = PBXBuildFile; fileRef = B6D1C4FF6021BF74D0F1618D /* CourseMapView.swift */; };
		9A526F419E8157252D9321CB /* CourseDetailView.swift in Sources */ = {isa = PBXBuildFile; fileRef = BD3AF229FF8C18A9D0C2F48E /* CourseDetailView.swift */; };
		D1DACE72AD0718EC838402B6 /* NewCourseSheet.swift in Sources */ = {isa = PBXBuildFile; fileRef = EA77F53D7B760656A5B6BE90 /* NewCourseSheet.swift */; };
		DB4545BA7599E8241AC56AF6 /* CourseConfig.swift in Sources */ = {isa = PBXBuildFile; fileRef = D36FF1C8B4CC5CBEF5B601C6 /* CourseConfig.swift */; };
		F58FA215AE7ADDDF8641E707 /* SkiframesGPSApp.swift in Sources */ = {isa = PBXBuildFile; fileRef = 28C26F419B2F9AF077E52F90 /* SkiframesGPSApp.swift */; };
		F78B74C9AC5B7AF6FE169D6E /* KMLCourseParser.swift in Sources */ = {isa = PBXBuildFile; fileRef = 31BCCF6A3863B5C97FBC684C /* KMLCourseParser.swift */; };
/* End PBXBuildFile section */

/* Begin PBXFileReference section */
		1C3BD153359D2B69A6BF2D3C /* GateMappingTab.swift */ = {isa = PBXFileReference; lastKnownFileType = sourcecode.swift; path = GateMappingTab.swift; sourceTree = "<group>"; };
		28C26F419B2F9AF077E52F90 /* SkiframesGPSApp.swift */ = {isa = PBXFileReference; lastKnownFileType = sourcecode.swift; path = SkiframesGPSApp.swift; sourceTree = "<group>"; };
		2DDA328B4A1E4D7CD7BAD7E9 /* NmeaParser.swift */ = {isa = PBXFileReference; lastKnownFileType = sourcecode.swift; path = NmeaParser.swift; sourceTree = "<group>"; };
		2F769FB51D5514ECAE54134B /* GateEditSheet.swift */ = {isa = PBXFileReference; lastKnownFileType = sourcecode.swift; path = GateEditSheet.swift; sourceTree = "<group>"; };
		31BCCF6A3863B5C97FBC684C /* KMLCourseParser.swift */ = {isa = PBXFileReference; lastKnownFileType = sourcecode.swift; path = KMLCourseParser.swift; sourceTree = "<group>"; };
		49D23230160B819953ECCE74 /* CourseStore.swift */ = {isa = PBXFileReference; lastKnownFileType = sourcecode.swift; path = CourseStore.swift; sourceTree = "<group>"; };
		71A44B8B1D22A5FB4B32806C /* GeolocationBridge.swift */ = {isa = PBXFileReference; lastKnownFileType = sourcecode.swift; path = GeolocationBridge.swift; sourceTree = "<group>"; };
		926DA74CECE30C490987C996 /* SkiframesGPS.app */ = {isa = PBXFileReference; includeInIndex = 0; lastKnownFileType = wrapper.application; path = SkiframesGPS.app; sourceTree = BUILT_PRODUCTS_DIR; };
		B1C70F134680942C64CC3285 /* CourseListView.swift */ = {isa = PBXFileReference; lastKnownFileType = sourcecode.swift; path = CourseListView.swift; sourceTree = "<group>"; };
		B6D1C4FF6021BF74D0F1618D /* CourseMapView.swift */ = {isa = PBXFileReference; lastKnownFileType = sourcecode.swift; path = CourseMapView.swift; sourceTree = "<group>"; };
		BD3AF229FF8C18A9D0C2F48E /* CourseDetailView.swift */ = {isa = PBXFileReference; lastKnownFileType = sourcecode.swift; path = CourseDetailView.swift; sourceTree = "<group>"; };
		D36FF1C8B4CC5CBEF5B601C6 /* CourseConfig.swift */ = {isa = PBXFileReference; lastKnownFileType = sourcecode.swift; path = CourseConfig.swift; sourceTree = "<group>"; };
		E6106C72B10D8D102021BC34 /* Info.plist */ = {isa = PBXFileReference; lastKnownFileType = text.plist; path = Info.plist; sourceTree = "<group>"; };
		EA77F53D7B760656A5B6BE90 /* NewCourseSheet.swift */ = {isa = PBXFileReference; lastKnownFileType = sourcecode.swift; path = NewCourseSheet.swift; sourceTree = "<group>"; };
		EF89403462A80D07864D1B95 /* BadElfReceiver.swift */ = {isa = PBXFileReference; lastKnownFileType = sourcecode.swift; path = BadElfReceiver.swift; sourceTree = "<group>"; };
		F95905085B4686D2992F383A /* Assets.xcassets */ = {isa = PBXFileReference; lastKnownFileType = folder.assetcatalog; path = Assets.xcassets; sourceTree = "<group>"; };
/* End PBXFileReference section */

/* Begin PBXGroup section */
		55DC8673A2AD10F5358BA193 /* SkiframesGPS */ = {
			isa = PBXGroup;
			children = (
				F95905085B4686D2992F383A /* Assets.xcassets */,
				EF89403462A80D07864D1B95 /* BadElfReceiver.swift */,
				71A44B8B1D22A5FB4B32806C /* GeolocationBridge.swift */,
				E6106C72B10D8D102021BC34 /* Info.plist */,
				2DDA328B4A1E4D7CD7BAD7E9 /* NmeaParser.swift */,
				28C26F419B2F9AF077E52F90 /* SkiframesGPSApp.swift */,
				DD58340A97548306E4D6FB3D /* GateMapping */,
			);
			path = SkiframesGPS;
			sourceTree = "<group>";
		};
		5F151B243CEE165F95BF4DA1 /* Products */ = {
			isa = PBXGroup;
			children = (
				926DA74CECE30C490987C996 /* SkiframesGPS.app */,
			);
			name = Products;
			sourceTree = "<group>";
		};
		DD58340A97548306E4D6FB3D /* GateMapping */ = {
			isa = PBXGroup;
			children = (
				D36FF1C8B4CC5CBEF5B601C6 /* CourseConfig.swift */,
				BD3AF229FF8C18A9D0C2F48E /* CourseDetailView.swift */,
				B1C70F134680942C64CC3285 /* CourseListView.swift */,
				B6D1C4FF6021BF74D0F1618D /* CourseMapView.swift */,
				49D23230160B819953ECCE74 /* CourseStore.swift */,
				2F769FB51D5514ECAE54134B /* GateEditSheet.swift */,
				1C3BD153359D2B69A6BF2D3C /* GateMappingTab.swift */,
				31BCCF6A3863B5C97FBC684C /* KMLCourseParser.swift */,
				EA77F53D7B760656A5B6BE90 /* NewCourseSheet.swift */,
			);
			path = GateMapping;
			sourceTree = "<group>";
		};
		F955B2F92664FAF1A1049FC3 = {
			isa = PBXGroup;
			children = (
				55DC8673A2AD10F5358BA193 /* SkiframesGPS */,
				5F151B243CEE165F95BF4DA1 /* Products */,
			);
			sourceTree = "<group>";
		};
/* End PBXGroup section */

/* Begin PBXNativeTarget section */
		0C803EF69F1A244263BD1A69 /* SkiframesGPS */ = {
			isa = PBXNativeTarget;
			buildConfigurationList = 9F24691F7669FC21546358D1 /* Build configuration list for PBXNativeTarget "SkiframesGPS" */;
			buildPhases = (
				2598A35132FD8D20080B2F51 /* Sources */,
				76B9024ABD91374E1A6A60BA /* Resources */,
			);
			buildRules = (
			);
			dependencies = (
			);
			name = SkiframesGPS;
			packageProductDependencies = (
			);
			productName = SkiframesGPS;
			productReference = 926DA74CECE30C490987C996 /* SkiframesGPS.app */;
			productType = "com.apple.product-type.application";
		};
/* End PBXNativeTarget section */

/* Begin PBXProject section */
		8DC9CB91F66EAD554186ABDA /* Project object */ = {
			isa = PBXProject;
			attributes = {
				BuildIndependentTargetsInParallel = YES;
				LastUpgradeCheck = 1500;
				TargetAttributes = {
					0C803EF69F1A244263BD1A69 = {
						DevelopmentTeam = "";
					};
				};
			};
			buildConfigurationList = 785F29DA6A71D8D3953A0B1C /* Build configuration list for PBXProject "SkiframesGPS" */;
			compatibilityVersion = "Xcode 14.0";
			developmentRegion = en;
			hasScannedForEncodings = 0;
			knownRegions = (
				Base,
				en,
			);
			mainGroup = F955B2F92664FAF1A1049FC3;
			minimizedProjectReferenceProxies = 1;
			preferredProjectObjectVersion = 77;
			projectDirPath = "";
			projectRoot = "";
			targets = (
				0C803EF69F1A244263BD1A69 /* SkiframesGPS */,
			);
		};
/* End PBXProject section */

/* Begin PBXResourcesBuildPhase section */
		76B9024ABD91374E1A6A60BA /* Resources */ = {
			isa = PBXResourcesBuildPhase;
			buildActionMask = 2147483647;
			files = (
				83532D88FB6B3B5F5C514BA6 /* Assets.xcassets in Resources */,
			);
			runOnlyForDeploymentPostprocessing = 0;
		};
/* End PBXResourcesBuildPhase section */

/* Begin PBXSourcesBuildPhase section */
		2598A35132FD8D20080B2F51 /* Sources */ = {
			isa = PBXSourcesBuildPhase;
			buildActionMask = 2147483647;
			files = (
				3EBC5DE0C9A7747D808E6A4F /* BadElfReceiver.swift in Sources */,
				DB4545BA7599E8241AC56AF6 /* CourseConfig.swift in Sources */,
				9A526F419E8157252D9321CB /* CourseDetailView.swift in Sources */,
				777100EFFC7D5C77CBF6C161 /* CourseListView.swift in Sources */,
				97333D38DCA186C37F7EC86E /* CourseMapView.swift in Sources */,
				743C46A2A3CFABE8E7D8ADF5 /* CourseStore.swift in Sources */,
				4D333E773C912EC09FCEF90E /* GateEditSheet.swift in Sources */,
				076392FEBF390880374A54F7 /* GateMappingTab.swift in Sources */,
				5AF1F246949D699B06B3AA56 /* GeolocationBridge.swift in Sources */,
				F78B74C9AC5B7AF6FE169D6E /* KMLCourseParser.swift in Sources */,
				D1DACE72AD0718EC838402B6 /* NewCourseSheet.swift in Sources */,
				8B6B51B93D205BE28A94B06E /* NmeaParser.swift in Sources */,
				F58FA215AE7ADDDF8641E707 /* SkiframesGPSApp.swift in Sources */,
			);
			runOnlyForDeploymentPostprocessing = 0;
		};
/* End PBXSourcesBuildPhase section */

/* Begin XCBuildConfiguration section */
		4F9D257DA10E6E8F6D70EE14 /* Release */ = {
			isa = XCBuildConfiguration;
			buildSettings = {
				ASSETCATALOG_COMPILER_APPICON_NAME = AppIcon;
				CODE_SIGN_IDENTITY = "iPhone Developer";
				DEVELOPMENT_TEAM = "";
				GENERATE_INFOPLIST_FILE = NO;
				INFOPLIST_FILE = SkiframesGPS/Info.plist;
				LD_RUNPATH_SEARCH_PATHS = (
					"$(inherited)",
					"@executable_path/Frameworks",
				);
				PRODUCT_BUNDLE_IDENTIFIER = com.skiframes.gps;
				SDKROOT = iphoneos;
				TARGETED_DEVICE_FAMILY = "1,2";
			};
			name = Release;
		};
		5F6F454A3844ABBDC8140057 /* Release */ = {
			isa = XCBuildConfiguration;
			buildSettings = {
				ALWAYS_SEARCH_USER_PATHS = NO;
				CLANG_ANALYZER_NONNULL = YES;
				CLANG_ANALYZER_NUMBER_OBJECT_CONVERSION = YES_AGGRESSIVE;
				CLANG_CXX_LANGUAGE_STANDARD = "gnu++14";
				CLANG_CXX_LIBRARY = "libc++";
				CLANG_ENABLE_MODULES = YES;
				CLANG_ENABLE_OBJC_ARC = YES;
				CLANG_ENABLE_OBJC_WEAK = YES;
				CLANG_WARN_BLOCK_CAPTURE_AUTORELEASING = YES;
				CLANG_WARN_BOOL_CONVERSION = YES;
				CLANG_WARN_COMMA = YES;
				CLANG_WARN_CONSTANT_CONVERSION = YES;
				CLANG_WARN_DEPRECATED_OBJC_IMPLEMENTATIONS = YES;
				CLANG_WARN_DIRECT_OBJC_ISA_USAGE = YES_ERROR;
				CLANG_WARN_DOCUMENTATION_COMMENTS = YES;
				CLANG_WARN_EMPTY_BODY = YES;
				CLANG_WARN_ENUM_CONVERSION = YES;
				CLANG_WARN_INFINITE_RECURSION = YES;
				CLANG_WARN_INT_CONVERSION = YES;
				CLANG_WARN_NON_LITERAL_NULL_CONVERSION = YES;
				CLANG_WARN_OBJC_IMPLICIT_RETAIN_SELF = YES;
				CLANG_WARN_OBJC_LITERAL_CONVERSION = YES;
				CLANG_WARN_OBJC_ROOT_CLASS = YES_ERROR;
				CLANG_WARN_QUOTED_INCLUDE_IN_FRAMEWORK_HEADER = YES;
				CLANG_WARN_RANGE_LOOP_ANALYSIS = YES;
				CLANG_WARN_STRICT_PROTOTYPES = YES;
				CLANG_WARN_SUSPICIOUS_MOVE = YES;
				CLANG_WARN_UNGUARDED_AVAILABILITY = YES_AGGRESSIVE;
				CLANG_WARN_UNREACHABLE_CODE = YES;
				CLANG_WARN__DUPLICATE_METHOD_MATCH = YES;
				COPY_PHASE_STRIP = NO;
				DEBUG_INFORMATION_FORMAT = "dwarf-with-dsym";
				ENABLE_NS_ASSERTIONS = NO;
				ENABLE_STRICT_OBJC_MSGSEND = YES;
				GCC_C_LANGUAGE_STANDARD = gnu11;
				GCC_NO_COMMON_BLOCKS = YES;
				GCC_WARN_64_TO_32_BIT_CONVERSION = YES;
				GCC_WARN_ABOUT_RETURN_TYPE = YES_ERROR;
				GCC_WARN_UNDECLARED_SELECTOR = YES;
				GCC_WARN_UNINITIALIZED_AUTOS = YES_AGGRESSIVE;
				GCC_WARN_UNUSED_FUNCTION = YES;
				GCC_WARN_UNUSED_VARIABLE = YES;
				IPHONEOS_DEPLOYMENT_TARGET = 16.0;
				MTL_ENABLE_DEBUG_INFO = NO;
				MTL_FAST_MATH = YES;
				PRODUCT_NAME = "$(TARGET_NAME)";
				SDKROOT = iphoneos;
				SWIFT_COMPILATION_MODE = wholemodule;
				SWIFT_OPTIMIZATION_LEVEL = "-O";
				SWIFT_VERSION = 5.9;
			};
			name = Release;
		};
		83F887B353677AF7C2DABCF1 /* Debug */ = {
			isa = XCBuildConfiguration;
			buildSettings = {
				ALWAYS_SEARCH_USER_PATHS = NO;
				CLANG_ANALYZER_NONNULL = YES;
				CLANG_ANALYZER_NUMBER_OBJECT_CONVERSION = YES_AGGRESSIVE;
				CLANG_CXX_LANGUAGE_STANDARD = "gnu++14";
				CLANG_CXX_LIBRARY = "libc++";
				CLANG_ENABLE_MODULES = YES;
				CLANG_ENABLE_OBJC_ARC = YES;
				CLANG_ENABLE_OBJC_WEAK = YES;
				CLANG_WARN_BLOCK_CAPTURE_AUTORELEASING = YES;
				CLANG_WARN_BOOL_CONVERSION = YES;
				CLANG_WARN_COMMA = YES;
				CLANG_WARN_CONSTANT_CONVERSION = YES;
				CLANG_WARN_DEPRECATED_OBJC_IMPLEMENTATIONS = YES;
				CLANG_WARN_DIRECT_OBJC_ISA_USAGE = YES_ERROR;
				CLANG_WARN_DOCUMENTATION_COMMENTS = YES;
				CLANG_WARN_EMPTY_BODY = YES;
				CLANG_WARN_ENUM_CONVERSION = YES;
				CLANG_WARN_INFINITE_RECURSION = YES;
				CLANG_WARN_INT_CONVERSION = YES;
				CLANG_WARN_NON_LITERAL_NULL_CONVERSION = YES;
				CLANG_WARN_OBJC_IMPLICIT_RETAIN_SELF = YES;
				CLANG_WARN_OBJC_LITERAL_CONVERSION = YES;
				CLANG_WARN_OBJC_ROOT_CLASS = YES_ERROR;
				CLANG_WARN_QUOTED_INCLUDE_IN_FRAMEWORK_HEADER = YES;
				CLANG_WARN_RANGE_LOOP_ANALYSIS = YES;
				CLANG_WARN_STRICT_PROTOTYPES = YES;
				CLANG_WARN_SUSPICIOUS_MOVE = YES;
				CLANG_WARN_UNGUARDED_AVAILABILITY = YES_AGGRESSIVE;
				CLANG_WARN_UNREACHABLE_CODE = YES;
				CLANG_WARN__DUPLICATE_METHOD_MATCH = YES;
				COPY_PHASE_STRIP = NO;
				DEBUG_INFORMATION_FORMAT = dwarf;
				ENABLE_STRICT_OBJC_MSGSEND = YES;
				ENABLE_TESTABILITY = YES;
				GCC_C_LANGUAGE_STANDARD = gnu11;
				GCC_DYNAMIC_NO_PIC = NO;
				GCC_NO_COMMON_BLOCKS = YES;
				GCC_OPTIMIZATION_LEVEL = 0;
				GCC_PREPROCESSOR_DEFINITIONS = (
					"$(inherited)",
					"DEBUG=1",
				);
				GCC_WARN_64_TO_32_BIT_CONVERSION = YES;
				GCC_WARN_ABOUT_RETURN_TYPE = YES_ERROR;
				GCC_WARN_UNDECLARED_SELECTOR = YES;
				GCC_WARN_UNINITIALIZED_AUTOS = YES_AGGRESSIVE;
				GCC_WARN_UNUSED_FUNCTION = YES;
				GCC_WARN_UNUSED_VARIABLE = YES;
				IPHONEOS_DEPLOYMENT_TARGET = 16.0;
				MTL_ENABLE_DEBUG_INFO = INCLUDE_SOURCE;
				MTL_FAST_MATH = YES;
				ONLY_ACTIVE_ARCH = YES;
				PRODUCT_NAME = "$(TARGET_NAME)";
				SDKROOT = iphoneos;
				SWIFT_ACTIVE_COMPILATION_CONDITIONS = DEBUG;
				SWIFT_OPTIMIZATION_LEVEL = "-Onone";
				SWIFT_VERSION = 5.9;
			};
			name = Debug;
		};
		C7BBFE8E92AB9D8DC0F9588E /* Debug */ = {
			isa = XCBuildConfiguration;
			buildSettings = {
				ASSETCATALOG_COMPILER_APPICON_NAME = AppIcon;
				CODE_SIGN_IDENTITY = "iPhone Developer";
				DEVELOPMENT_TEAM = "";
				GENERATE_INFOPLIST_FILE = NO;
				INFOPLIST_FILE = SkiframesGPS/Info.plist;
				LD_RUNPATH_SEARCH_PATHS = (
					"$(inherited)",
					"@executable_path/Frameworks",
				);
				PRODUCT_BUNDLE_IDENTIFIER = com.skiframes.gps;
				SDKROOT = iphoneos;
				TARGETED_DEVICE_FAMILY = "1,2";
			};
			name = Debug;
		};
/* End XCBuildConfiguration section */

/* Begin XCConfigurationList section */
		785F29DA6A71D8D3953A0B1C /* Build configuration list for PBXProject "SkiframesGPS" */ = {
			isa = XCConfigurationList;
			buildConfigurations = (
				83F887B353677AF7C2DABCF1 /* Debug */,
				5F6F454A3844ABBDC8140057 /* Release */,
			);
			defaultConfigurationIsVisible = 0;
			defaultConfigurationName = Debug;
		};
		9F24691F7669FC21546358D1 /* Build configuration list for PBXNativeTarget "SkiframesGPS" */ = {
			isa = XCConfigurationList;
			buildConfigurations = (
				C7BBFE8E92AB9D8DC0F9588E /* Debug */,
				4F9D257DA10E6E8F6D70EE14 /* Release */,
			);
			defaultConfigurationIsVisible = 0;
			defaultConfigurationName = Debug;
		};
/* End XCConfigurationList section */
	};
	rootObject = 8DC9CB91F66EAD554186ABDA /* Project object */;
}
